
Microsoft Visual Studio Solution File, Format Version 12.00
# Visual Studio Version 17
VisualStudioVersion = 17.11.35312.102
MinimumVisualStudioVersion = 10.0.40219.1
Project("{9A19103F-16F7-4668-BE54-9A1E7A4F7556}") = "WatchPartyClient", "WatchPartyClient\WatchPartyClient.csproj", "{AF93D3D2-A599-47E2-8324-768F27B51865}"
EndProject
Global
	GlobalSection(SolutionConfigurationPlatforms) = preSolution
		Debug|Any CPU = Debug|Any CPU
		Release|Any CPU = Release|Any CPU
	EndGlobalSection
	GlobalSection(ProjectConfigurationPlatforms) = postSolution
		{AF93D3D2-A599-47E2-8324-768F27B51865}.Debug|Any CPU.ActiveCfg = Debug|Any CPU
		{AF93D3D2-A599-47E2-8324-768F27B51865}.Debug|Any CPU.Build.0 = Debug|Any CPU
		{AF93D3D2-A599-47E2-8324-768F27B51865}.Release|Any CPU.ActiveCfg = Release|Any CPU
		{AF93D3D2-A599-47E2-8324-768F27B51865}.Release|Any CPU.Build.0 = Release|Any CPU
	EndGlobalSection
	GlobalSection(SolutionProperties) = preSolution
		HideSolutionNode = FALSE
	EndGlobalSection
	GlobalSection(ExtensibilityGlobals) = postSolution
		SolutionGuid = {6929A037-FA2E-4EE6-B6F7-325B0E260A80}
	EndGlobalSection
EndGlobal
