
Microsoft Visual Studio Solution File, Format Version 12.00
# Visual Studio Version 17
VisualStudioVersion = 17.0.31903.59
MinimumVisualStudioVersion = 10.0.40219.1
Project("{2150E333-8FDC-42A3-9474-1A3956D46DE8}") = "services", "services", "{AA88D95E-39E4-4F83-A724-1C8A8455B725}"
EndProject
Project("{9A19103F-16F7-4668-BE54-9A1E7A4F7556}") = "VideoService", "services\VideoService\VideoService.csproj", "{D5AD2A93-2083-40C2-8695-74C5B9F51892}"
EndProject
Project("{9A19103F-16F7-4668-BE54-9A1E7A4F7556}") = "RoomService", "services\RoomService\RoomService.csproj", "{43D46FAD-7E9B-4A5E-930B-DB932ECF4EFE}"
EndProject
Project("{9A19103F-16F7-4668-BE54-9A1E7A4F7556}") = "ChatService", "services\ChatService\ChatService.csproj", "{D19B8645-966F-46F5-9333-55E449A1504F}"
EndProject
Project("{9A19103F-16F7-4668-BE54-9A1E7A4F7556}") = "SyncService", "services\SyncService\SyncService.csproj", "{9963C47B-4912-438E-A02B-51BEE7555BE9}"
EndProject
Project("{2150E333-8FDC-42A3-9474-1A3956D46DE8}") = "Shared", "Shared", "{C520B3E5-61F9-4962-B420-D7E2880BF416}"
EndProject
Project("{9A19103F-16F7-4668-BE54-9A1E7A4F7556}") = "SharedProtos", "SharedProtos\SharedProtos.csproj", "{B80A6F7D-BCDE-43D2-84B2-ED35826DF204}"
EndProject
Project("{FAE04EC0-301F-11D3-BF4B-00C04F79EFBC}") = "UserService", "services\UserService\UserService.csproj", "{CEA782FF-EF04-419B-A172-F2A687DB5A96}"
EndProject
Project("{FAE04EC0-301F-11D3-BF4B-00C04F79EFBC}") = "ApiGateway", "services\ApiGateway\ApiGateway.csproj", "{6B8D98B2-813D-4FAB-A4C4-B79D60ADCFFF}"
EndProject
Global
	GlobalSection(SolutionConfigurationPlatforms) = preSolution
		Debug|Any CPU = Debug|Any CPU
		Debug|x64 = Debug|x64
		Release|Any CPU = Release|Any CPU
		Release|x64 = Release|x64
	EndGlobalSection
	GlobalSection(ProjectConfigurationPlatforms) = postSolution
		{D5AD2A93-2083-40C2-8695-74C5B9F51892}.Debug|Any CPU.ActiveCfg = Debug|Any CPU
		{D5AD2A93-2083-40C2-8695-74C5B9F51892}.Debug|Any CPU.Build.0 = Debug|Any CPU
		{D5AD2A93-2083-40C2-8695-74C5B9F51892}.Debug|x64.ActiveCfg = Debug|Any CPU
		{D5AD2A93-2083-40C2-8695-74C5B9F51892}.Debug|x64.Build.0 = Debug|Any CPU
		{D5AD2A93-2083-40C2-8695-74C5B9F51892}.Release|Any CPU.ActiveCfg = Release|Any CPU
		{D5AD2A93-2083-40C2-8695-74C5B9F51892}.Release|Any CPU.Build.0 = Release|Any CPU
		{D5AD2A93-2083-40C2-8695-74C5B9F51892}.Release|x64.ActiveCfg = Release|Any CPU
		{D5AD2A93-2083-40C2-8695-74C5B9F51892}.Release|x64.Build.0 = Release|Any CPU
		{43D46FAD-7E9B-4A5E-930B-DB932ECF4EFE}.Debug|Any CPU.ActiveCfg = Debug|Any CPU
		{43D46FAD-7E9B-4A5E-930B-DB932ECF4EFE}.Debug|Any CPU.Build.0 = Debug|Any CPU
		{43D46FAD-7E9B-4A5E-930B-DB932ECF4EFE}.Debug|x64.ActiveCfg = Debug|x64
		{43D46FAD-7E9B-4A5E-930B-DB932ECF4EFE}.Debug|x64.Build.0 = Debug|x64
		{43D46FAD-7E9B-4A5E-930B-DB932ECF4EFE}.Release|Any CPU.ActiveCfg = Release|Any CPU
		{43D46FAD-7E9B-4A5E-930B-DB932ECF4EFE}.Release|Any CPU.Build.0 = Release|Any CPU
		{43D46FAD-7E9B-4A5E-930B-DB932ECF4EFE}.Release|x64.ActiveCfg = Release|x64
		{43D46FAD-7E9B-4A5E-930B-DB932ECF4EFE}.Release|x64.Build.0 = Release|x64
		{D19B8645-966F-46F5-9333-55E449A1504F}.Debug|Any CPU.ActiveCfg = Debug|Any CPU
		{D19B8645-966F-46F5-9333-55E449A1504F}.Debug|Any CPU.Build.0 = Debug|Any CPU
		{D19B8645-966F-46F5-9333-55E449A1504F}.Debug|x64.ActiveCfg = Debug|Any CPU
		{D19B8645-966F-46F5-9333-55E449A1504F}.Debug|x64.Build.0 = Debug|Any CPU
		{D19B8645-966F-46F5-9333-55E449A1504F}.Release|Any CPU.ActiveCfg = Release|Any CPU
		{D19B8645-966F-46F5-9333-55E449A1504F}.Release|Any CPU.Build.0 = Release|Any CPU
		{D19B8645-966F-46F5-9333-55E449A1504F}.Release|x64.ActiveCfg = Release|Any CPU
		{D19B8645-966F-46F5-9333-55E449A1504F}.Release|x64.Build.0 = Release|Any CPU
		{9963C47B-4912-438E-A02B-51BEE7555BE9}.Debug|Any CPU.ActiveCfg = Debug|Any CPU
		{9963C47B-4912-438E-A02B-51BEE7555BE9}.Debug|Any CPU.Build.0 = Debug|Any CPU
		{9963C47B-4912-438E-A02B-51BEE7555BE9}.Debug|x64.ActiveCfg = Debug|Any CPU
		{9963C47B-4912-438E-A02B-51BEE7555BE9}.Debug|x64.Build.0 = Debug|Any CPU
		{9963C47B-4912-438E-A02B-51BEE7555BE9}.Release|Any CPU.ActiveCfg = Release|Any CPU
		{9963C47B-4912-438E-A02B-51BEE7555BE9}.Release|Any CPU.Build.0 = Release|Any CPU
		{9963C47B-4912-438E-A02B-51BEE7555BE9}.Release|x64.ActiveCfg = Release|Any CPU
		{9963C47B-4912-438E-A02B-51BEE7555BE9}.Release|x64.Build.0 = Release|Any CPU
		{B80A6F7D-BCDE-43D2-84B2-ED35826DF204}.Debug|Any CPU.ActiveCfg = Debug|Any CPU
		{B80A6F7D-BCDE-43D2-84B2-ED35826DF204}.Debug|Any CPU.Build.0 = Debug|Any CPU
		{B80A6F7D-BCDE-43D2-84B2-ED35826DF204}.Debug|x64.ActiveCfg = Debug|Any CPU
		{B80A6F7D-BCDE-43D2-84B2-ED35826DF204}.Debug|x64.Build.0 = Debug|Any CPU
		{B80A6F7D-BCDE-43D2-84B2-ED35826DF204}.Release|Any CPU.ActiveCfg = Release|Any CPU
		{B80A6F7D-BCDE-43D2-84B2-ED35826DF204}.Release|Any CPU.Build.0 = Release|Any CPU
		{B80A6F7D-BCDE-43D2-84B2-ED35826DF204}.Release|x64.ActiveCfg = Release|Any CPU
		{B80A6F7D-BCDE-43D2-84B2-ED35826DF204}.Release|x64.Build.0 = Release|Any CPU
		{CEA782FF-EF04-419B-A172-F2A687DB5A96}.Debug|Any CPU.ActiveCfg = Debug|Any CPU
		{CEA782FF-EF04-419B-A172-F2A687DB5A96}.Debug|Any CPU.Build.0 = Debug|Any CPU
		{CEA782FF-EF04-419B-A172-F2A687DB5A96}.Debug|x64.ActiveCfg = Debug|Any CPU
		{CEA782FF-EF04-419B-A172-F2A687DB5A96}.Debug|x64.Build.0 = Debug|Any CPU
		{CEA782FF-EF04-419B-A172-F2A687DB5A96}.Release|Any CPU.ActiveCfg = Release|Any CPU
		{CEA782FF-EF04-419B-A172-F2A687DB5A96}.Release|Any CPU.Build.0 = Release|Any CPU
		{CEA782FF-EF04-419B-A172-F2A687DB5A96}.Release|x64.ActiveCfg = Release|Any CPU
		{CEA782FF-EF04-419B-A172-F2A687DB5A96}.Release|x64.Build.0 = Release|Any CPU
		{6B8D98B2-813D-4FAB-A4C4-B79D60ADCFFF}.Debug|Any CPU.ActiveCfg = Debug|Any CPU
		{6B8D98B2-813D-4FAB-A4C4-B79D60ADCFFF}.Debug|Any CPU.Build.0 = Debug|Any CPU
		{6B8D98B2-813D-4FAB-A4C4-B79D60ADCFFF}.Debug|x64.ActiveCfg = Debug|Any CPU
		{6B8D98B2-813D-4FAB-A4C4-B79D60ADCFFF}.Debug|x64.Build.0 = Debug|Any CPU
		{6B8D98B2-813D-4FAB-A4C4-B79D60ADCFFF}.Release|Any CPU.ActiveCfg = Release|Any CPU
		{6B8D98B2-813D-4FAB-A4C4-B79D60ADCFFF}.Release|Any CPU.Build.0 = Release|Any CPU
		{6B8D98B2-813D-4FAB-A4C4-B79D60ADCFFF}.Release|x64.ActiveCfg = Release|Any CPU
		{6B8D98B2-813D-4FAB-A4C4-B79D60ADCFFF}.Release|x64.Build.0 = Release|Any CPU
	EndGlobalSection
	GlobalSection(SolutionProperties) = preSolution
		HideSolutionNode = FALSE
	EndGlobalSection
	GlobalSection(NestedProjects) = preSolution
		{D5AD2A93-2083-40C2-8695-74C5B9F51892} = {AA88D95E-39E4-4F83-A724-1C8A8455B725}
		{43D46FAD-7E9B-4A5E-930B-DB932ECF4EFE} = {AA88D95E-39E4-4F83-A724-1C8A8455B725}
		{D19B8645-966F-46F5-9333-55E449A1504F} = {AA88D95E-39E4-4F83-A724-1C8A8455B725}
		{9963C47B-4912-438E-A02B-51BEE7555BE9} = {AA88D95E-39E4-4F83-A724-1C8A8455B725}
		{B80A6F7D-BCDE-43D2-84B2-ED35826DF204} = {C520B3E5-61F9-4962-B420-D7E2880BF416}
		{CEA782FF-EF04-419B-A172-F2A687DB5A96} = {AA88D95E-39E4-4F83-A724-1C8A8455B725}
		{6B8D98B2-813D-4FAB-A4C4-B79D60ADCFFF} = {AA88D95E-39E4-4F83-A724-1C8A8455B725}
	EndGlobalSection
	GlobalSection(ExtensibilityGlobals) = postSolution
		SolutionGuid = {381342D7-DC21-4583-8F4A-C61638101C7D}
	EndGlobalSection
EndGlobal
